
Microsoft Visual Studio Solution File, Format Version 12.00
# Visual Studio Version 17
VisualStudioVersion = 17.4.33403.182
MinimumVisualStudioVersion = 10.0.40219.1
Project("{FAE04EC0-301F-11D3-BF4B-00C04F79EFBC}") = "OOP-Lab3", "OOP-Lab3\OOP-Lab3.csproj", "{7265DC66-A49C-45C7-BCBF-C0A118A8EBC7}"
EndProject
Global
	GlobalSection(SolutionConfigurationPlatforms) = preSolution
		Debug|Any CPU = Debug|Any CPU
		Release|Any CPU = Release|Any CPU
	EndGlobalSection
	GlobalSection(ProjectConfigurationPlatforms) = postSolution
		{7265DC66-A49C-45C7-BCBF-C0A118A8EBC7}.Debug|Any CPU.ActiveCfg = Debug|Any CPU
		{7265DC66-A49C-45C7-BCBF-C0A118A8EBC7}.Debug|Any CPU.Build.0 = Debug|Any CPU
		{7265DC66-A49C-45C7-BCBF-C0A118A8EBC7}.Release|Any CPU.ActiveCfg = Release|Any CPU
		{7265DC66-A49C-45C7-BCBF-C0A118A8EBC7}.Release|Any CPU.Build.0 = Release|Any CPU
	EndGlobalSection
	GlobalSection(SolutionProperties) = preSolution
		HideSolutionNode = FALSE
	EndGlobalSection
	GlobalSection(ExtensibilityGlobals) = postSolution
		SolutionGuid = {45418C69-A543-4A9D-A707-1DAAE927E33F}
	EndGlobalSection
EndGlobal
